<?xml version="1.0" encoding="utf-8"?>
<Project ToolsVersion="4.0" xmlns="http://schemas.microsoft.com/developer/msbuild/2003">
  <ItemGroup>
    <Filter Include="Source Files">
      <UniqueIdentifier>{4FC737F1-C7A5-4376-A066-2A32D752A2FF}</UniqueIdentifier>
      <Extensions>cpp;c;cc;cxx;def;odl;idl;hpj;bat;asm;asmx</Extensions>
    </Filter>
    <Filter Include="Test Files">
      <UniqueIdentifier>{8a6a177f-bddc-4e52-8394-835ffeb7291e}</UniqueIdentifier>
    </Filter>
    <Filter Include="Interface Headers">
      <UniqueIdentifier>{d983a94d-1b7f-4c43-bbaf-feb32ee50fa3}</UniqueIdentifier>
    </Filter>
    <Filter Include="Implementation Headers">
      <UniqueIdentifier>{93995380-89BD-4b04-88EB-625FBE52EBFB}</UniqueIdentifier>
      <Extensions>h;hh;hpp;hxx;hm;inl;inc;ipp;xsd</Extensions>
    </Filter>
  </ItemGroup>
  <ItemGroup>
    <ClInclude Include="test\test_new_arithmetic.hpp">
      <Filter>Test Files</Filter>
    </ClInclude>
    <ClInclude Include="test\test_new_engine.hpp">
      <Filter>Test Files</Filter>
    </ClInclude>
    <ClInclude Include="test\test_new_number.hpp">
      <Filter>Test Files</Filter>
    </ClInclude>
    <ClInclude Include="include\linear_algebra.hpp">
      <Filter>Interface Headers</Filter>
    </ClInclude>
    <ClInclude Include="include\linear_algebra\dynamic_engines.hpp">
      <Filter>Implementation Headers</Filter>
    </ClInclude>
    <ClInclude Include="include\linear_algebra\matrix.hpp">
      <Filter>Implementation Headers</Filter>
    </ClInclude>
    <ClInclude Include="include\linear_algebra\arithmetic_traits.hpp">
      <Filter>Implementation Headers</Filter>
    </ClInclude>
    <ClInclude Include="include\linear_algebra\fixed_size_engines.hpp">
      <Filter>Implementation Headers</Filter>
    </ClInclude>
    <ClInclude Include="include\linear_algebra\arithmetic_operators.hpp">
      <Filter>Implementation Headers</Filter>
    </ClInclude>
    <ClInclude Include="include\linear_algebra\vector.hpp">
      <Filter>Implementation Headers</Filter>
    </ClInclude>
    <ClInclude Include="include\linear_algebra\forward_declarations.hpp">
      <Filter>Implementation Headers</Filter>
    </ClInclude>
    <ClInclude Include="include\linear_algebra\library_aliases.hpp">
      <Filter>Implementation Headers</Filter>
    </ClInclude>
    <ClInclude Include="include\linear_algebra\view_based_engines.hpp">
      <Filter>Implementation Headers</Filter>
    </ClInclude>
    <ClInclude Include="include\linear_algebra\operator_traits.hpp">
      <Filter>Implementation Headers</Filter>
    </ClInclude>
    <ClInclude Include="include\linear_algebra\helper_traits.hpp">
      <Filter>Implementation Headers</Filter>
    </ClInclude>
    <ClInclude Include="include\linear_algebra\debug_helpers.hpp">
      <Filter>Implementation Headers</Filter>
    </ClInclude>
    <ClInclude Include="include\linear_algebra\element_traits.hpp">
      <Filter>Implementation Headers</Filter>
    </ClInclude>
    <ClInclude Include="include\linear_algebra\engine_traits.hpp">
      <Filter>Implementation Headers</Filter>
    </ClInclude>
    <ClInclude Include="include\linear_algebra\number_traits.hpp">
      <Filter>Implementation Headers</Filter>
    </ClInclude>
  </ItemGroup>
  <ItemGroup>
    <ClCompile Include="test\test_01.cpp">
      <Filter>Test Files</Filter>
    </ClCompile>
    <ClCompile Include="test\test_02.cpp">
      <Filter>Test Files</Filter>
    </ClCompile>
  </ItemGroup>
</Project>